
Microsoft Visual Studio Solution File, Format Version 12.00
# Visual Studio Version 16
VisualStudioVersion = 16.0.31205.134
MinimumVisualStudioVersion = 10.0.40219.1
Project("{9A19103F-16F7-4668-BE54-9A1E7A4F7556}") = "BuildingCoder", "BuildingCoder\BuildingCoder.csproj", "{12EEC978-8661-44F1-A4BF-B3A1A29DA6AF}"
EndProject
Project("{2150E333-8FDC-42A3-9474-1A3956D46DE8}") = "Solution Items", "Solution Items", "{5AF1B5AD-A0C2-4106-B7E4-8769CE90413B}"
	ProjectSection(SolutionItems) = preProject
		BcSamples.txt = BcSamples.txt
		Changelog.md = Changelog.md
		License.md = License.md
		Readme.md = Readme.md
	EndProjectSection
EndProject
Global
	GlobalSection(SolutionConfigurationPlatforms) = preSolution
		Debug|Any CPU = Debug|Any CPU
		Release|Any CPU = Release|Any CPU
	EndGlobalSection
	GlobalSection(ProjectConfigurationPlatforms) = postSolution
		{12EEC978-8661-44F1-A4BF-B3A1A29DA6AF}.Debug|Any CPU.ActiveCfg = Debug|Any CPU
		{12EEC978-8661-44F1-A4BF-B3A1A29DA6AF}.Debug|Any CPU.Build.0 = Debug|Any CPU
		{12EEC978-8661-44F1-A4BF-B3A1A29DA6AF}.Release|Any CPU.ActiveCfg = Release|Any CPU
		{12EEC978-8661-44F1-A4BF-B3A1A29DA6AF}.Release|Any CPU.Build.0 = Release|Any CPU
	EndGlobalSection
	GlobalSection(SolutionProperties) = preSolution
		HideSolutionNode = FALSE
	EndGlobalSection
	GlobalSection(ExtensibilityGlobals) = postSolution
		SolutionGuid = {E940A7F8-6421-4CDE-9574-71B2C7A2719D}
	EndGlobalSection
EndGlobal
