
Microsoft Visual Studio Solution File, Format Version 11.00
# Visual Studio 2010
Project("{FAE04EC0-301F-11D3-BF4B-00C04F79EFBC}") = "BuildingCoder", "BuildingCoder\BuildingCoder.csproj", "{12EEC978-8661-44F1-A4BF-B3A1A29DA6AF}"
EndProject
Global
	GlobalSection(SolutionConfigurationPlatforms) = preSolution
		Debug|Any CPU = Debug|Any CPU
		Release|Any CPU = Release|Any CPU
	EndGlobalSection
	GlobalSection(ProjectConfigurationPlatforms) = postSolution
		{12EEC978-8661-44F1-A4BF-B3A1A29DA6AF}.Debug|Any CPU.ActiveCfg = Debug|Any CPU
		{12EEC978-8661-44F1-A4BF-B3A1A29DA6AF}.Debug|Any CPU.Build.0 = Debug|Any CPU
		{12EEC978-8661-44F1-A4BF-B3A1A29DA6AF}.Release|Any CPU.ActiveCfg = Release|Any CPU
		{12EEC978-8661-44F1-A4BF-B3A1A29DA6AF}.Release|Any CPU.Build.0 = Release|Any CPU
	EndGlobalSection
	GlobalSection(SolutionProperties) = preSolution
		HideSolutionNode = FALSE
	EndGlobalSection
EndGlobal
